
Microsoft Visual Studio Solution File, Format Version 12.00
# Visual Studio Version 17
VisualStudioVersion = 17.3.32611.2
MinimumVisualStudioVersion = 10.0.40219.1
Project("{9A19103F-16F7-4668-BE54-9A1E7A4F7556}") = "Async_Project", "Async_RestAPI\Async_Project.csproj", "{789440FB-75B2-49C5-8D71-7656674A4294}"
EndProject
Project("{FAE04EC0-301F-11D3-BF4B-00C04F79EFBC}") = "RestApiLib", "RestApiLib\RestApiLib.csproj", "{709E52A8-23BD-4B73-8C85-36D6460A5019}"
EndProject
Project("{FAE04EC0-301F-11D3-BF4B-00C04F79EFBC}") = "RestApiApp", "RestApiApp\RestApiApp.csproj", "{2FD487CF-D1F8-438D-A17B-766DD4561D50}"
EndProject
Global
	GlobalSection(SolutionConfigurationPlatforms) = preSolution
		Debug|Any CPU = Debug|Any CPU
		Release|Any CPU = Release|Any CPU
	EndGlobalSection
	GlobalSection(ProjectConfigurationPlatforms) = postSolution
		{789440FB-75B2-49C5-8D71-7656674A4294}.Debug|Any CPU.ActiveCfg = Debug|Any CPU
		{789440FB-75B2-49C5-8D71-7656674A4294}.Debug|Any CPU.Build.0 = Debug|Any CPU
		{789440FB-75B2-49C5-8D71-7656674A4294}.Release|Any CPU.ActiveCfg = Release|Any CPU
		{789440FB-75B2-49C5-8D71-7656674A4294}.Release|Any CPU.Build.0 = Release|Any CPU
		{709E52A8-23BD-4B73-8C85-36D6460A5019}.Debug|Any CPU.ActiveCfg = Debug|Any CPU
		{709E52A8-23BD-4B73-8C85-36D6460A5019}.Debug|Any CPU.Build.0 = Debug|Any CPU
		{709E52A8-23BD-4B73-8C85-36D6460A5019}.Release|Any CPU.ActiveCfg = Release|Any CPU
		{709E52A8-23BD-4B73-8C85-36D6460A5019}.Release|Any CPU.Build.0 = Release|Any CPU
		{2FD487CF-D1F8-438D-A17B-766DD4561D50}.Debug|Any CPU.ActiveCfg = Debug|Any CPU
		{2FD487CF-D1F8-438D-A17B-766DD4561D50}.Debug|Any CPU.Build.0 = Debug|Any CPU
		{2FD487CF-D1F8-438D-A17B-766DD4561D50}.Release|Any CPU.ActiveCfg = Release|Any CPU
		{2FD487CF-D1F8-438D-A17B-766DD4561D50}.Release|Any CPU.Build.0 = Release|Any CPU
	EndGlobalSection
	GlobalSection(SolutionProperties) = preSolution
		HideSolutionNode = FALSE
	EndGlobalSection
	GlobalSection(ExtensibilityGlobals) = postSolution
		SolutionGuid = {4A970BB6-0546-4192-8281-BC5E7D09AD09}
	EndGlobalSection
EndGlobal
